
Microsoft Visual Studio Solution File, Format Version 12.00
# Visual Studio 15
VisualStudioVersion = 15.0.25928.0
MinimumVisualStudioVersion = 10.0.40219.1
Project("{8BC9CEB8-8B4A-11D0-8D11-00A0C91BC942}") = "LBase", "LBase\LBase.vcxproj", "{4F3AE107-3FFD-4D5C-82A8-5034C0041562}"
EndProject
Project("{8BC9CEB8-8B4A-11D0-8D11-00A0C91BC942}") = "Engine", "Engine\Engine.vcxproj", "{6946CA48-2E7E-4770-9D61-0F59C02D0271}"
EndProject
Project("{8BC9CEB8-8B4A-11D0-8D11-00A0C91BC942}") = "LScheme", "LScheme\LScheme.vcxproj", "{596F0CDD-56FD-406E-A5E4-2D3D5EC7CA78}"
EndProject
Project("{8BC9CEB8-8B4A-11D0-8D11-00A0C91BC942}") = "EngineTest", "LTest\EngineTest\EngineTest.vcxproj", "{C0772B63-3097-4CFB-A3B5-266D9144B6C4}"
EndProject
Project("{8BC9CEB8-8B4A-11D0-8D11-00A0C91BC942}") = "LSchemeTest", "LTest\LSchemeTest\LSchemeTest.vcxproj", "{2EBBB8C0-9BBC-4EB0-A1D6-597F46B8D565}"
EndProject
Global
	GlobalSection(SolutionConfigurationPlatforms) = preSolution
		De[TOOL]|x64 = De[TOOL]|x64
		De[TOOL]|x86 = De[TOOL]|x86
		De|x64 = De|x64
		De|x86 = De|x86
		Re|x64 = Re|x64
		Re|x86 = Re|x86
	EndGlobalSection
	GlobalSection(ProjectConfigurationPlatforms) = postSolution
		{4F3AE107-3FFD-4D5C-82A8-5034C0041562}.De[TOOL]|x64.ActiveCfg = Debug|x64
		{4F3AE107-3FFD-4D5C-82A8-5034C0041562}.De[TOOL]|x64.Build.0 = Debug|x64
		{4F3AE107-3FFD-4D5C-82A8-5034C0041562}.De[TOOL]|x86.ActiveCfg = Debug|Win32
		{4F3AE107-3FFD-4D5C-82A8-5034C0041562}.De[TOOL]|x86.Build.0 = Debug|Win32
		{4F3AE107-3FFD-4D5C-82A8-5034C0041562}.De[TOOL]|x86.Deploy.0 = Debug|Win32
		{4F3AE107-3FFD-4D5C-82A8-5034C0041562}.De|x64.ActiveCfg = Debug|x64
		{4F3AE107-3FFD-4D5C-82A8-5034C0041562}.De|x64.Build.0 = Debug|x64
		{4F3AE107-3FFD-4D5C-82A8-5034C0041562}.De|x86.ActiveCfg = Debug|Win32
		{4F3AE107-3FFD-4D5C-82A8-5034C0041562}.De|x86.Build.0 = Debug|Win32
		{4F3AE107-3FFD-4D5C-82A8-5034C0041562}.Re|x64.ActiveCfg = Release|x64
		{4F3AE107-3FFD-4D5C-82A8-5034C0041562}.Re|x64.Build.0 = Release|x64
		{4F3AE107-3FFD-4D5C-82A8-5034C0041562}.Re|x86.ActiveCfg = Release|Win32
		{4F3AE107-3FFD-4D5C-82A8-5034C0041562}.Re|x86.Build.0 = Release|Win32
		{6946CA48-2E7E-4770-9D61-0F59C02D0271}.De[TOOL]|x64.ActiveCfg = Debug_TOOL|x64
		{6946CA48-2E7E-4770-9D61-0F59C02D0271}.De[TOOL]|x64.Build.0 = Debug_TOOL|x64
		{6946CA48-2E7E-4770-9D61-0F59C02D0271}.De[TOOL]|x86.ActiveCfg = Debug_TOOL|Win32
		{6946CA48-2E7E-4770-9D61-0F59C02D0271}.De[TOOL]|x86.Build.0 = Debug_TOOL|Win32
		{6946CA48-2E7E-4770-9D61-0F59C02D0271}.De|x64.ActiveCfg = Debug|x64
		{6946CA48-2E7E-4770-9D61-0F59C02D0271}.De|x64.Build.0 = Debug|x64
		{6946CA48-2E7E-4770-9D61-0F59C02D0271}.De|x86.ActiveCfg = Debug|Win32
		{6946CA48-2E7E-4770-9D61-0F59C02D0271}.De|x86.Build.0 = Debug|Win32
		{6946CA48-2E7E-4770-9D61-0F59C02D0271}.Re|x64.ActiveCfg = Release|x64
		{6946CA48-2E7E-4770-9D61-0F59C02D0271}.Re|x64.Build.0 = Release|x64
		{6946CA48-2E7E-4770-9D61-0F59C02D0271}.Re|x86.ActiveCfg = Release|Win32
		{6946CA48-2E7E-4770-9D61-0F59C02D0271}.Re|x86.Build.0 = Release|Win32
		{596F0CDD-56FD-406E-A5E4-2D3D5EC7CA78}.De[TOOL]|x64.ActiveCfg = Debug|x64
		{596F0CDD-56FD-406E-A5E4-2D3D5EC7CA78}.De[TOOL]|x64.Build.0 = Debug|x64
		{596F0CDD-56FD-406E-A5E4-2D3D5EC7CA78}.De[TOOL]|x86.ActiveCfg = Debug|Win32
		{596F0CDD-56FD-406E-A5E4-2D3D5EC7CA78}.De[TOOL]|x86.Build.0 = Debug|Win32
		{596F0CDD-56FD-406E-A5E4-2D3D5EC7CA78}.De[TOOL]|x86.Deploy.0 = Debug|Win32
		{596F0CDD-56FD-406E-A5E4-2D3D5EC7CA78}.De|x64.ActiveCfg = Debug|x64
		{596F0CDD-56FD-406E-A5E4-2D3D5EC7CA78}.De|x64.Build.0 = Debug|x64
		{596F0CDD-56FD-406E-A5E4-2D3D5EC7CA78}.De|x64.Deploy.0 = Debug|x64
		{596F0CDD-56FD-406E-A5E4-2D3D5EC7CA78}.De|x86.ActiveCfg = Debug|Win32
		{596F0CDD-56FD-406E-A5E4-2D3D5EC7CA78}.De|x86.Build.0 = Debug|Win32
		{596F0CDD-56FD-406E-A5E4-2D3D5EC7CA78}.De|x86.Deploy.0 = Debug|Win32
		{596F0CDD-56FD-406E-A5E4-2D3D5EC7CA78}.Re|x64.ActiveCfg = Release|x64
		{596F0CDD-56FD-406E-A5E4-2D3D5EC7CA78}.Re|x64.Build.0 = Release|x64
		{596F0CDD-56FD-406E-A5E4-2D3D5EC7CA78}.Re|x64.Deploy.0 = Release|x64
		{596F0CDD-56FD-406E-A5E4-2D3D5EC7CA78}.Re|x86.ActiveCfg = Release|Win32
		{596F0CDD-56FD-406E-A5E4-2D3D5EC7CA78}.Re|x86.Build.0 = Release|Win32
		{596F0CDD-56FD-406E-A5E4-2D3D5EC7CA78}.Re|x86.Deploy.0 = Release|Win32
		{C0772B63-3097-4CFB-A3B5-266D9144B6C4}.De[TOOL]|x64.ActiveCfg = Debug_TOOL|x64
		{C0772B63-3097-4CFB-A3B5-266D9144B6C4}.De[TOOL]|x64.Build.0 = Debug_TOOL|x64
		{C0772B63-3097-4CFB-A3B5-266D9144B6C4}.De[TOOL]|x86.ActiveCfg = Debug_TOOL|Win32
		{C0772B63-3097-4CFB-A3B5-266D9144B6C4}.De[TOOL]|x86.Build.0 = Debug_TOOL|Win32
		{C0772B63-3097-4CFB-A3B5-266D9144B6C4}.De|x64.ActiveCfg = Debug|x64
		{C0772B63-3097-4CFB-A3B5-266D9144B6C4}.De|x64.Build.0 = Debug|x64
		{C0772B63-3097-4CFB-A3B5-266D9144B6C4}.De|x86.ActiveCfg = Debug|Win32
		{C0772B63-3097-4CFB-A3B5-266D9144B6C4}.De|x86.Build.0 = Debug|Win32
		{C0772B63-3097-4CFB-A3B5-266D9144B6C4}.Re|x64.ActiveCfg = Release|x64
		{C0772B63-3097-4CFB-A3B5-266D9144B6C4}.Re|x64.Build.0 = Release|x64
		{C0772B63-3097-4CFB-A3B5-266D9144B6C4}.Re|x86.ActiveCfg = Release|Win32
		{C0772B63-3097-4CFB-A3B5-266D9144B6C4}.Re|x86.Build.0 = Release|Win32
		{2EBBB8C0-9BBC-4EB0-A1D6-597F46B8D565}.De[TOOL]|x64.ActiveCfg = Debug|x64
		{2EBBB8C0-9BBC-4EB0-A1D6-597F46B8D565}.De[TOOL]|x64.Build.0 = Debug|x64
		{2EBBB8C0-9BBC-4EB0-A1D6-597F46B8D565}.De[TOOL]|x86.ActiveCfg = Debug|Win32
		{2EBBB8C0-9BBC-4EB0-A1D6-597F46B8D565}.De[TOOL]|x86.Build.0 = Debug|Win32
		{2EBBB8C0-9BBC-4EB0-A1D6-597F46B8D565}.De[TOOL]|x86.Deploy.0 = Debug|Win32
		{2EBBB8C0-9BBC-4EB0-A1D6-597F46B8D565}.De|x64.ActiveCfg = Debug|x64
		{2EBBB8C0-9BBC-4EB0-A1D6-597F46B8D565}.De|x64.Build.0 = Debug|x64
		{2EBBB8C0-9BBC-4EB0-A1D6-597F46B8D565}.De|x86.ActiveCfg = Debug|Win32
		{2EBBB8C0-9BBC-4EB0-A1D6-597F46B8D565}.De|x86.Build.0 = Debug|Win32
		{2EBBB8C0-9BBC-4EB0-A1D6-597F46B8D565}.Re|x64.ActiveCfg = Release|x64
		{2EBBB8C0-9BBC-4EB0-A1D6-597F46B8D565}.Re|x64.Build.0 = Release|x64
		{2EBBB8C0-9BBC-4EB0-A1D6-597F46B8D565}.Re|x86.ActiveCfg = Release|Win32
		{2EBBB8C0-9BBC-4EB0-A1D6-597F46B8D565}.Re|x86.Build.0 = Release|Win32
	EndGlobalSection
	GlobalSection(SolutionProperties) = preSolution
		HideSolutionNode = FALSE
	EndGlobalSection
EndGlobal
