
Microsoft Visual Studio Solution File, Format Version 12.00
# Visual Studio 15
VisualStudioVersion = 15.0.26403.0
MinimumVisualStudioVersion = 10.0.40219.1
Project("{8BC9CEB8-8B4A-11D0-8D11-00A0C91BC942}") = "LBase", "LBase\LBase.vcxproj", "{4F3AE107-3FFD-4D5C-82A8-5034C0041562}"
EndProject
Project("{8BC9CEB8-8B4A-11D0-8D11-00A0C91BC942}") = "Engine", "Engine\Engine.vcxproj", "{6946CA48-2E7E-4770-9D61-0F59C02D0271}"
EndProject
Project("{8BC9CEB8-8B4A-11D0-8D11-00A0C91BC942}") = "LScheme", "LScheme\LScheme.vcxproj", "{596F0CDD-56FD-406E-A5E4-2D3D5EC7CA78}"
EndProject
Project("{8BC9CEB8-8B4A-11D0-8D11-00A0C91BC942}") = "EngineTest", "LTest\EngineTest\EngineTest.vcxproj", "{C0772B63-3097-4CFB-A3B5-266D9144B6C4}"
EndProject
Project("{8BC9CEB8-8B4A-11D0-8D11-00A0C91BC942}") = "LSchemeTest", "LTest\LSchemeTest\LSchemeTest.vcxproj", "{2EBBB8C0-9BBC-4EB0-A1D6-597F46B8D565}"
EndProject
Project("{8BC9CEB8-8B4A-11D0-8D11-00A0C91BC942}") = "Engine.Wrap", "Engine.Net\Engine.Wrap\Engine.Wrap.vcxproj", "{CF4F3C3A-3ECD-4A09-95D1-D8FA33F8CDB5}"
EndProject
Project("{FAE04EC0-301F-11D3-BF4B-00C04F79EFBC}") = "Engine.Net", "Engine.Net\Engine.Net\Engine.Net.csproj", "{B40C855A-A115-4852-996D-A4CC61B29973}"
	ProjectSection(ProjectDependencies) = postProject
		{CF4F3C3A-3ECD-4A09-95D1-D8FA33F8CDB5} = {CF4F3C3A-3ECD-4A09-95D1-D8FA33F8CDB5}
	EndProjectSection
EndProject
Global
	GlobalSection(SolutionConfigurationPlatforms) = preSolution
		De[TOOL]|Any CPU = De[TOOL]|Any CPU
		De[TOOL]|x64 = De[TOOL]|x64
		De[TOOL]|x86 = De[TOOL]|x86
		De|Any CPU = De|Any CPU
		De|x64 = De|x64
		De|x86 = De|x86
		Debug|Any CPU = Debug|Any CPU
		Debug|x64 = Debug|x64
		Debug|x86 = Debug|x86
		Re|Any CPU = Re|Any CPU
		Re|x64 = Re|x64
		Re|x86 = Re|x86
		Release|Any CPU = Release|Any CPU
		Release|x64 = Release|x64
		Release|x86 = Release|x86
	EndGlobalSection
	GlobalSection(ProjectConfigurationPlatforms) = postSolution
		{4F3AE107-3FFD-4D5C-82A8-5034C0041562}.De[TOOL]|Any CPU.ActiveCfg = Release|Win32
		{4F3AE107-3FFD-4D5C-82A8-5034C0041562}.De[TOOL]|Any CPU.Build.0 = Release|Win32
		{4F3AE107-3FFD-4D5C-82A8-5034C0041562}.De[TOOL]|Any CPU.Deploy.0 = Release|Win32
		{4F3AE107-3FFD-4D5C-82A8-5034C0041562}.De[TOOL]|x64.ActiveCfg = Debug|x64
		{4F3AE107-3FFD-4D5C-82A8-5034C0041562}.De[TOOL]|x64.Build.0 = Debug|x64
		{4F3AE107-3FFD-4D5C-82A8-5034C0041562}.De[TOOL]|x86.ActiveCfg = Debug|Win32
		{4F3AE107-3FFD-4D5C-82A8-5034C0041562}.De[TOOL]|x86.Build.0 = Debug|Win32
		{4F3AE107-3FFD-4D5C-82A8-5034C0041562}.De[TOOL]|x86.Deploy.0 = Debug|Win32
		{4F3AE107-3FFD-4D5C-82A8-5034C0041562}.De|Any CPU.ActiveCfg = Release|Win32
		{4F3AE107-3FFD-4D5C-82A8-5034C0041562}.De|Any CPU.Build.0 = Release|Win32
		{4F3AE107-3FFD-4D5C-82A8-5034C0041562}.De|Any CPU.Deploy.0 = Release|Win32
		{4F3AE107-3FFD-4D5C-82A8-5034C0041562}.De|x64.ActiveCfg = Debug|x64
		{4F3AE107-3FFD-4D5C-82A8-5034C0041562}.De|x64.Build.0 = Debug|x64
		{4F3AE107-3FFD-4D5C-82A8-5034C0041562}.De|x86.ActiveCfg = Debug|Win32
		{4F3AE107-3FFD-4D5C-82A8-5034C0041562}.De|x86.Build.0 = Debug|Win32
		{4F3AE107-3FFD-4D5C-82A8-5034C0041562}.Debug|Any CPU.ActiveCfg = Debug|Win32
		{4F3AE107-3FFD-4D5C-82A8-5034C0041562}.Debug|x64.ActiveCfg = Debug|x64
		{4F3AE107-3FFD-4D5C-82A8-5034C0041562}.Debug|x64.Build.0 = Debug|x64
		{4F3AE107-3FFD-4D5C-82A8-5034C0041562}.Debug|x64.Deploy.0 = Debug|x64
		{4F3AE107-3FFD-4D5C-82A8-5034C0041562}.Debug|x86.ActiveCfg = Debug|Win32
		{4F3AE107-3FFD-4D5C-82A8-5034C0041562}.Debug|x86.Build.0 = Debug|Win32
		{4F3AE107-3FFD-4D5C-82A8-5034C0041562}.Debug|x86.Deploy.0 = Debug|Win32
		{4F3AE107-3FFD-4D5C-82A8-5034C0041562}.Re|Any CPU.ActiveCfg = Release|Win32
		{4F3AE107-3FFD-4D5C-82A8-5034C0041562}.Re|Any CPU.Build.0 = Release|Win32
		{4F3AE107-3FFD-4D5C-82A8-5034C0041562}.Re|Any CPU.Deploy.0 = Release|Win32
		{4F3AE107-3FFD-4D5C-82A8-5034C0041562}.Re|x64.ActiveCfg = Release|x64
		{4F3AE107-3FFD-4D5C-82A8-5034C0041562}.Re|x64.Build.0 = Release|x64
		{4F3AE107-3FFD-4D5C-82A8-5034C0041562}.Re|x86.ActiveCfg = Release|Win32
		{4F3AE107-3FFD-4D5C-82A8-5034C0041562}.Re|x86.Build.0 = Release|Win32
		{4F3AE107-3FFD-4D5C-82A8-5034C0041562}.Release|Any CPU.ActiveCfg = Release|Win32
		{4F3AE107-3FFD-4D5C-82A8-5034C0041562}.Release|x64.ActiveCfg = Release|x64
		{4F3AE107-3FFD-4D5C-82A8-5034C0041562}.Release|x64.Build.0 = Release|x64
		{4F3AE107-3FFD-4D5C-82A8-5034C0041562}.Release|x64.Deploy.0 = Release|x64
		{4F3AE107-3FFD-4D5C-82A8-5034C0041562}.Release|x86.ActiveCfg = Release|Win32
		{4F3AE107-3FFD-4D5C-82A8-5034C0041562}.Release|x86.Build.0 = Release|Win32
		{4F3AE107-3FFD-4D5C-82A8-5034C0041562}.Release|x86.Deploy.0 = Release|Win32
		{6946CA48-2E7E-4770-9D61-0F59C02D0271}.De[TOOL]|Any CPU.ActiveCfg = Release|Win32
		{6946CA48-2E7E-4770-9D61-0F59C02D0271}.De[TOOL]|Any CPU.Build.0 = Release|Win32
		{6946CA48-2E7E-4770-9D61-0F59C02D0271}.De[TOOL]|x64.ActiveCfg = Debug_TOOL|x64
		{6946CA48-2E7E-4770-9D61-0F59C02D0271}.De[TOOL]|x64.Build.0 = Debug_TOOL|x64
		{6946CA48-2E7E-4770-9D61-0F59C02D0271}.De[TOOL]|x86.ActiveCfg = Debug_TOOL|Win32
		{6946CA48-2E7E-4770-9D61-0F59C02D0271}.De[TOOL]|x86.Build.0 = Debug_TOOL|Win32
		{6946CA48-2E7E-4770-9D61-0F59C02D0271}.De|Any CPU.ActiveCfg = Release|Win32
		{6946CA48-2E7E-4770-9D61-0F59C02D0271}.De|Any CPU.Build.0 = Release|Win32
		{6946CA48-2E7E-4770-9D61-0F59C02D0271}.De|x64.ActiveCfg = Debug|x64
		{6946CA48-2E7E-4770-9D61-0F59C02D0271}.De|x64.Build.0 = Debug|x64
		{6946CA48-2E7E-4770-9D61-0F59C02D0271}.De|x86.ActiveCfg = Debug|Win32
		{6946CA48-2E7E-4770-9D61-0F59C02D0271}.De|x86.Build.0 = Debug|Win32
		{6946CA48-2E7E-4770-9D61-0F59C02D0271}.Debug|Any CPU.ActiveCfg = Debug|Win32
		{6946CA48-2E7E-4770-9D61-0F59C02D0271}.Debug|x64.ActiveCfg = Debug|x64
		{6946CA48-2E7E-4770-9D61-0F59C02D0271}.Debug|x64.Build.0 = Debug|x64
		{6946CA48-2E7E-4770-9D61-0F59C02D0271}.Debug|x64.Deploy.0 = Debug|x64
		{6946CA48-2E7E-4770-9D61-0F59C02D0271}.Debug|x86.ActiveCfg = Debug|Win32
		{6946CA48-2E7E-4770-9D61-0F59C02D0271}.Debug|x86.Build.0 = Debug|Win32
		{6946CA48-2E7E-4770-9D61-0F59C02D0271}.Debug|x86.Deploy.0 = Debug|Win32
		{6946CA48-2E7E-4770-9D61-0F59C02D0271}.Re|Any CPU.ActiveCfg = Release|Win32
		{6946CA48-2E7E-4770-9D61-0F59C02D0271}.Re|Any CPU.Build.0 = Release|Win32
		{6946CA48-2E7E-4770-9D61-0F59C02D0271}.Re|x64.ActiveCfg = Release|x64
		{6946CA48-2E7E-4770-9D61-0F59C02D0271}.Re|x64.Build.0 = Release|x64
		{6946CA48-2E7E-4770-9D61-0F59C02D0271}.Re|x86.ActiveCfg = Release|Win32
		{6946CA48-2E7E-4770-9D61-0F59C02D0271}.Re|x86.Build.0 = Release|Win32
		{6946CA48-2E7E-4770-9D61-0F59C02D0271}.Release|Any CPU.ActiveCfg = Release|Win32
		{6946CA48-2E7E-4770-9D61-0F59C02D0271}.Release|x64.ActiveCfg = Release|x64
		{6946CA48-2E7E-4770-9D61-0F59C02D0271}.Release|x64.Build.0 = Release|x64
		{6946CA48-2E7E-4770-9D61-0F59C02D0271}.Release|x64.Deploy.0 = Release|x64
		{6946CA48-2E7E-4770-9D61-0F59C02D0271}.Release|x86.ActiveCfg = Release|Win32
		{6946CA48-2E7E-4770-9D61-0F59C02D0271}.Release|x86.Build.0 = Release|Win32
		{6946CA48-2E7E-4770-9D61-0F59C02D0271}.Release|x86.Deploy.0 = Release|Win32
		{596F0CDD-56FD-406E-A5E4-2D3D5EC7CA78}.De[TOOL]|Any CPU.ActiveCfg = Release|Win32
		{596F0CDD-56FD-406E-A5E4-2D3D5EC7CA78}.De[TOOL]|Any CPU.Build.0 = Release|Win32
		{596F0CDD-56FD-406E-A5E4-2D3D5EC7CA78}.De[TOOL]|Any CPU.Deploy.0 = Release|Win32
		{596F0CDD-56FD-406E-A5E4-2D3D5EC7CA78}.De[TOOL]|x64.ActiveCfg = Debug|x64
		{596F0CDD-56FD-406E-A5E4-2D3D5EC7CA78}.De[TOOL]|x64.Build.0 = Debug|x64
		{596F0CDD-56FD-406E-A5E4-2D3D5EC7CA78}.De[TOOL]|x86.ActiveCfg = Debug|Win32
		{596F0CDD-56FD-406E-A5E4-2D3D5EC7CA78}.De[TOOL]|x86.Build.0 = Debug|Win32
		{596F0CDD-56FD-406E-A5E4-2D3D5EC7CA78}.De[TOOL]|x86.Deploy.0 = Debug|Win32
		{596F0CDD-56FD-406E-A5E4-2D3D5EC7CA78}.De|Any CPU.ActiveCfg = Release|Win32
		{596F0CDD-56FD-406E-A5E4-2D3D5EC7CA78}.De|Any CPU.Build.0 = Release|Win32
		{596F0CDD-56FD-406E-A5E4-2D3D5EC7CA78}.De|Any CPU.Deploy.0 = Release|Win32
		{596F0CDD-56FD-406E-A5E4-2D3D5EC7CA78}.De|x64.ActiveCfg = Debug|x64
		{596F0CDD-56FD-406E-A5E4-2D3D5EC7CA78}.De|x64.Build.0 = Debug|x64
		{596F0CDD-56FD-406E-A5E4-2D3D5EC7CA78}.De|x64.Deploy.0 = Debug|x64
		{596F0CDD-56FD-406E-A5E4-2D3D5EC7CA78}.De|x86.ActiveCfg = Debug|Win32
		{596F0CDD-56FD-406E-A5E4-2D3D5EC7CA78}.De|x86.Build.0 = Debug|Win32
		{596F0CDD-56FD-406E-A5E4-2D3D5EC7CA78}.De|x86.Deploy.0 = Debug|Win32
		{596F0CDD-56FD-406E-A5E4-2D3D5EC7CA78}.Debug|Any CPU.ActiveCfg = Debug|Win32
		{596F0CDD-56FD-406E-A5E4-2D3D5EC7CA78}.Debug|x64.ActiveCfg = Debug|x64
		{596F0CDD-56FD-406E-A5E4-2D3D5EC7CA78}.Debug|x64.Build.0 = Debug|x64
		{596F0CDD-56FD-406E-A5E4-2D3D5EC7CA78}.Debug|x64.Deploy.0 = Debug|x64
		{596F0CDD-56FD-406E-A5E4-2D3D5EC7CA78}.Debug|x86.ActiveCfg = Debug|Win32
		{596F0CDD-56FD-406E-A5E4-2D3D5EC7CA78}.Debug|x86.Build.0 = Debug|Win32
		{596F0CDD-56FD-406E-A5E4-2D3D5EC7CA78}.Debug|x86.Deploy.0 = Debug|Win32
		{596F0CDD-56FD-406E-A5E4-2D3D5EC7CA78}.Re|Any CPU.ActiveCfg = Release|Win32
		{596F0CDD-56FD-406E-A5E4-2D3D5EC7CA78}.Re|Any CPU.Build.0 = Release|Win32
		{596F0CDD-56FD-406E-A5E4-2D3D5EC7CA78}.Re|Any CPU.Deploy.0 = Release|Win32
		{596F0CDD-56FD-406E-A5E4-2D3D5EC7CA78}.Re|x64.ActiveCfg = Release|x64
		{596F0CDD-56FD-406E-A5E4-2D3D5EC7CA78}.Re|x64.Build.0 = Release|x64
		{596F0CDD-56FD-406E-A5E4-2D3D5EC7CA78}.Re|x64.Deploy.0 = Release|x64
		{596F0CDD-56FD-406E-A5E4-2D3D5EC7CA78}.Re|x86.ActiveCfg = Release|Win32
		{596F0CDD-56FD-406E-A5E4-2D3D5EC7CA78}.Re|x86.Build.0 = Release|Win32
		{596F0CDD-56FD-406E-A5E4-2D3D5EC7CA78}.Re|x86.Deploy.0 = Release|Win32
		{596F0CDD-56FD-406E-A5E4-2D3D5EC7CA78}.Release|Any CPU.ActiveCfg = Release|Win32
		{596F0CDD-56FD-406E-A5E4-2D3D5EC7CA78}.Release|x64.ActiveCfg = Release|x64
		{596F0CDD-56FD-406E-A5E4-2D3D5EC7CA78}.Release|x64.Build.0 = Release|x64
		{596F0CDD-56FD-406E-A5E4-2D3D5EC7CA78}.Release|x64.Deploy.0 = Release|x64
		{596F0CDD-56FD-406E-A5E4-2D3D5EC7CA78}.Release|x86.ActiveCfg = Release|Win32
		{596F0CDD-56FD-406E-A5E4-2D3D5EC7CA78}.Release|x86.Build.0 = Release|Win32
		{596F0CDD-56FD-406E-A5E4-2D3D5EC7CA78}.Release|x86.Deploy.0 = Release|Win32
		{C0772B63-3097-4CFB-A3B5-266D9144B6C4}.De[TOOL]|Any CPU.ActiveCfg = Release|Win32
		{C0772B63-3097-4CFB-A3B5-266D9144B6C4}.De[TOOL]|Any CPU.Build.0 = Release|Win32
		{C0772B63-3097-4CFB-A3B5-266D9144B6C4}.De[TOOL]|Any CPU.Deploy.0 = Release|Win32
		{C0772B63-3097-4CFB-A3B5-266D9144B6C4}.De[TOOL]|x64.ActiveCfg = Debug_TOOL|x64
		{C0772B63-3097-4CFB-A3B5-266D9144B6C4}.De[TOOL]|x64.Build.0 = Debug_TOOL|x64
		{C0772B63-3097-4CFB-A3B5-266D9144B6C4}.De[TOOL]|x86.ActiveCfg = Debug_TOOL|Win32
		{C0772B63-3097-4CFB-A3B5-266D9144B6C4}.De[TOOL]|x86.Build.0 = Debug_TOOL|Win32
		{C0772B63-3097-4CFB-A3B5-266D9144B6C4}.De|Any CPU.ActiveCfg = Release|Win32
		{C0772B63-3097-4CFB-A3B5-266D9144B6C4}.De|Any CPU.Build.0 = Release|Win32
		{C0772B63-3097-4CFB-A3B5-266D9144B6C4}.De|Any CPU.Deploy.0 = Release|Win32
		{C0772B63-3097-4CFB-A3B5-266D9144B6C4}.De|x64.ActiveCfg = Debug|x64
		{C0772B63-3097-4CFB-A3B5-266D9144B6C4}.De|x64.Build.0 = Debug|x64
		{C0772B63-3097-4CFB-A3B5-266D9144B6C4}.De|x86.ActiveCfg = Debug|Win32
		{C0772B63-3097-4CFB-A3B5-266D9144B6C4}.De|x86.Build.0 = Debug|Win32
		{C0772B63-3097-4CFB-A3B5-266D9144B6C4}.Debug|Any CPU.ActiveCfg = Debug|Win32
		{C0772B63-3097-4CFB-A3B5-266D9144B6C4}.Debug|x64.ActiveCfg = Debug|x64
		{C0772B63-3097-4CFB-A3B5-266D9144B6C4}.Debug|x64.Build.0 = Debug|x64
		{C0772B63-3097-4CFB-A3B5-266D9144B6C4}.Debug|x64.Deploy.0 = Debug|x64
		{C0772B63-3097-4CFB-A3B5-266D9144B6C4}.Debug|x86.ActiveCfg = Debug|Win32
		{C0772B63-3097-4CFB-A3B5-266D9144B6C4}.Debug|x86.Build.0 = Debug|Win32
		{C0772B63-3097-4CFB-A3B5-266D9144B6C4}.Debug|x86.Deploy.0 = Debug|Win32
		{C0772B63-3097-4CFB-A3B5-266D9144B6C4}.Re|Any CPU.ActiveCfg = Release|Win32
		{C0772B63-3097-4CFB-A3B5-266D9144B6C4}.Re|Any CPU.Build.0 = Release|Win32
		{C0772B63-3097-4CFB-A3B5-266D9144B6C4}.Re|Any CPU.Deploy.0 = Release|Win32
		{C0772B63-3097-4CFB-A3B5-266D9144B6C4}.Re|x64.ActiveCfg = Release|x64
		{C0772B63-3097-4CFB-A3B5-266D9144B6C4}.Re|x64.Build.0 = Release|x64
		{C0772B63-3097-4CFB-A3B5-266D9144B6C4}.Re|x86.ActiveCfg = Release|Win32
		{C0772B63-3097-4CFB-A3B5-266D9144B6C4}.Re|x86.Build.0 = Release|Win32
		{C0772B63-3097-4CFB-A3B5-266D9144B6C4}.Release|Any CPU.ActiveCfg = Release|Win32
		{C0772B63-3097-4CFB-A3B5-266D9144B6C4}.Release|x64.ActiveCfg = Release|x64
		{C0772B63-3097-4CFB-A3B5-266D9144B6C4}.Release|x64.Build.0 = Release|x64
		{C0772B63-3097-4CFB-A3B5-266D9144B6C4}.Release|x64.Deploy.0 = Release|x64
		{C0772B63-3097-4CFB-A3B5-266D9144B6C4}.Release|x86.ActiveCfg = Release|Win32
		{C0772B63-3097-4CFB-A3B5-266D9144B6C4}.Release|x86.Build.0 = Release|Win32
		{C0772B63-3097-4CFB-A3B5-266D9144B6C4}.Release|x86.Deploy.0 = Release|Win32
		{2EBBB8C0-9BBC-4EB0-A1D6-597F46B8D565}.De[TOOL]|Any CPU.ActiveCfg = Release|Win32
		{2EBBB8C0-9BBC-4EB0-A1D6-597F46B8D565}.De[TOOL]|Any CPU.Build.0 = Release|Win32
		{2EBBB8C0-9BBC-4EB0-A1D6-597F46B8D565}.De[TOOL]|x64.ActiveCfg = Debug|x64
		{2EBBB8C0-9BBC-4EB0-A1D6-597F46B8D565}.De[TOOL]|x64.Build.0 = Debug|x64
		{2EBBB8C0-9BBC-4EB0-A1D6-597F46B8D565}.De[TOOL]|x86.ActiveCfg = Debug|Win32
		{2EBBB8C0-9BBC-4EB0-A1D6-597F46B8D565}.De[TOOL]|x86.Build.0 = Debug|Win32
		{2EBBB8C0-9BBC-4EB0-A1D6-597F46B8D565}.De[TOOL]|x86.Deploy.0 = Debug|Win32
		{2EBBB8C0-9BBC-4EB0-A1D6-597F46B8D565}.De|Any CPU.ActiveCfg = Release|Win32
		{2EBBB8C0-9BBC-4EB0-A1D6-597F46B8D565}.De|Any CPU.Build.0 = Release|Win32
		{2EBBB8C0-9BBC-4EB0-A1D6-597F46B8D565}.De|x64.ActiveCfg = Debug|x64
		{2EBBB8C0-9BBC-4EB0-A1D6-597F46B8D565}.De|x64.Build.0 = Debug|x64
		{2EBBB8C0-9BBC-4EB0-A1D6-597F46B8D565}.De|x86.ActiveCfg = Debug|Win32
		{2EBBB8C0-9BBC-4EB0-A1D6-597F46B8D565}.De|x86.Build.0 = Debug|Win32
		{2EBBB8C0-9BBC-4EB0-A1D6-597F46B8D565}.Debug|Any CPU.ActiveCfg = Debug|Win32
		{2EBBB8C0-9BBC-4EB0-A1D6-597F46B8D565}.Debug|x64.ActiveCfg = Debug|x64
		{2EBBB8C0-9BBC-4EB0-A1D6-597F46B8D565}.Debug|x64.Build.0 = Debug|x64
		{2EBBB8C0-9BBC-4EB0-A1D6-597F46B8D565}.Debug|x86.ActiveCfg = Debug|Win32
		{2EBBB8C0-9BBC-4EB0-A1D6-597F46B8D565}.Debug|x86.Build.0 = Debug|Win32
		{2EBBB8C0-9BBC-4EB0-A1D6-597F46B8D565}.Re|Any CPU.ActiveCfg = Release|Win32
		{2EBBB8C0-9BBC-4EB0-A1D6-597F46B8D565}.Re|Any CPU.Build.0 = Release|Win32
		{2EBBB8C0-9BBC-4EB0-A1D6-597F46B8D565}.Re|x64.ActiveCfg = Release|x64
		{2EBBB8C0-9BBC-4EB0-A1D6-597F46B8D565}.Re|x64.Build.0 = Release|x64
		{2EBBB8C0-9BBC-4EB0-A1D6-597F46B8D565}.Re|x86.ActiveCfg = Release|Win32
		{2EBBB8C0-9BBC-4EB0-A1D6-597F46B8D565}.Re|x86.Build.0 = Release|Win32
		{2EBBB8C0-9BBC-4EB0-A1D6-597F46B8D565}.Release|Any CPU.ActiveCfg = Release|Win32
		{2EBBB8C0-9BBC-4EB0-A1D6-597F46B8D565}.Release|x64.ActiveCfg = Release|x64
		{2EBBB8C0-9BBC-4EB0-A1D6-597F46B8D565}.Release|x64.Build.0 = Release|x64
		{2EBBB8C0-9BBC-4EB0-A1D6-597F46B8D565}.Release|x86.ActiveCfg = Release|Win32
		{2EBBB8C0-9BBC-4EB0-A1D6-597F46B8D565}.Release|x86.Build.0 = Release|Win32
		{CF4F3C3A-3ECD-4A09-95D1-D8FA33F8CDB5}.De[TOOL]|Any CPU.ActiveCfg = Release|x64
		{CF4F3C3A-3ECD-4A09-95D1-D8FA33F8CDB5}.De[TOOL]|Any CPU.Build.0 = Release|x64
		{CF4F3C3A-3ECD-4A09-95D1-D8FA33F8CDB5}.De[TOOL]|x64.ActiveCfg = Debug|x64
		{CF4F3C3A-3ECD-4A09-95D1-D8FA33F8CDB5}.De[TOOL]|x64.Build.0 = Debug|x64
		{CF4F3C3A-3ECD-4A09-95D1-D8FA33F8CDB5}.De[TOOL]|x86.ActiveCfg = Debug|Win32
		{CF4F3C3A-3ECD-4A09-95D1-D8FA33F8CDB5}.De[TOOL]|x86.Build.0 = Debug|Win32
		{CF4F3C3A-3ECD-4A09-95D1-D8FA33F8CDB5}.De|Any CPU.ActiveCfg = Release|x64
		{CF4F3C3A-3ECD-4A09-95D1-D8FA33F8CDB5}.De|Any CPU.Build.0 = Release|x64
		{CF4F3C3A-3ECD-4A09-95D1-D8FA33F8CDB5}.De|x64.ActiveCfg = Debug|x64
		{CF4F3C3A-3ECD-4A09-95D1-D8FA33F8CDB5}.De|x64.Build.0 = Debug|x64
		{CF4F3C3A-3ECD-4A09-95D1-D8FA33F8CDB5}.De|x86.ActiveCfg = Debug|Win32
		{CF4F3C3A-3ECD-4A09-95D1-D8FA33F8CDB5}.De|x86.Build.0 = Debug|Win32
		{CF4F3C3A-3ECD-4A09-95D1-D8FA33F8CDB5}.Debug|Any CPU.ActiveCfg = Debug|Win32
		{CF4F3C3A-3ECD-4A09-95D1-D8FA33F8CDB5}.Debug|x64.ActiveCfg = Debug|x64
		{CF4F3C3A-3ECD-4A09-95D1-D8FA33F8CDB5}.Debug|x64.Build.0 = Debug|x64
		{CF4F3C3A-3ECD-4A09-95D1-D8FA33F8CDB5}.Debug|x86.ActiveCfg = Debug|Win32
		{CF4F3C3A-3ECD-4A09-95D1-D8FA33F8CDB5}.Debug|x86.Build.0 = Debug|Win32
		{CF4F3C3A-3ECD-4A09-95D1-D8FA33F8CDB5}.Re|Any CPU.ActiveCfg = Release|x64
		{CF4F3C3A-3ECD-4A09-95D1-D8FA33F8CDB5}.Re|Any CPU.Build.0 = Release|x64
		{CF4F3C3A-3ECD-4A09-95D1-D8FA33F8CDB5}.Re|x64.ActiveCfg = Release|x64
		{CF4F3C3A-3ECD-4A09-95D1-D8FA33F8CDB5}.Re|x64.Build.0 = Release|x64
		{CF4F3C3A-3ECD-4A09-95D1-D8FA33F8CDB5}.Re|x86.ActiveCfg = Release|Win32
		{CF4F3C3A-3ECD-4A09-95D1-D8FA33F8CDB5}.Re|x86.Build.0 = Release|Win32
		{CF4F3C3A-3ECD-4A09-95D1-D8FA33F8CDB5}.Release|Any CPU.ActiveCfg = Release|Win32
		{CF4F3C3A-3ECD-4A09-95D1-D8FA33F8CDB5}.Release|x64.ActiveCfg = Release|x64
		{CF4F3C3A-3ECD-4A09-95D1-D8FA33F8CDB5}.Release|x64.Build.0 = Release|x64
		{CF4F3C3A-3ECD-4A09-95D1-D8FA33F8CDB5}.Release|x86.ActiveCfg = Release|Win32
		{CF4F3C3A-3ECD-4A09-95D1-D8FA33F8CDB5}.Release|x86.Build.0 = Release|Win32
		{B40C855A-A115-4852-996D-A4CC61B29973}.De[TOOL]|Any CPU.ActiveCfg = Debug|Any CPU
		{B40C855A-A115-4852-996D-A4CC61B29973}.De[TOOL]|Any CPU.Build.0 = Debug|Any CPU
		{B40C855A-A115-4852-996D-A4CC61B29973}.De[TOOL]|x64.ActiveCfg = Debug|Any CPU
		{B40C855A-A115-4852-996D-A4CC61B29973}.De[TOOL]|x64.Build.0 = Debug|Any CPU
		{B40C855A-A115-4852-996D-A4CC61B29973}.De[TOOL]|x86.ActiveCfg = Debug|Any CPU
		{B40C855A-A115-4852-996D-A4CC61B29973}.De[TOOL]|x86.Build.0 = Debug|Any CPU
		{B40C855A-A115-4852-996D-A4CC61B29973}.De|Any CPU.ActiveCfg = Debug|Any CPU
		{B40C855A-A115-4852-996D-A4CC61B29973}.De|Any CPU.Build.0 = Debug|Any CPU
		{B40C855A-A115-4852-996D-A4CC61B29973}.De|x64.ActiveCfg = Debug|Any CPU
		{B40C855A-A115-4852-996D-A4CC61B29973}.De|x64.Build.0 = Debug|Any CPU
		{B40C855A-A115-4852-996D-A4CC61B29973}.De|x86.ActiveCfg = Debug|Any CPU
		{B40C855A-A115-4852-996D-A4CC61B29973}.De|x86.Build.0 = Debug|Any CPU
		{B40C855A-A115-4852-996D-A4CC61B29973}.Debug|Any CPU.ActiveCfg = Debug|Any CPU
		{B40C855A-A115-4852-996D-A4CC61B29973}.Debug|Any CPU.Build.0 = Debug|Any CPU
		{B40C855A-A115-4852-996D-A4CC61B29973}.Debug|x64.ActiveCfg = Debug|Any CPU
		{B40C855A-A115-4852-996D-A4CC61B29973}.Debug|x64.Build.0 = Debug|Any CPU
		{B40C855A-A115-4852-996D-A4CC61B29973}.Debug|x86.ActiveCfg = Debug|Any CPU
		{B40C855A-A115-4852-996D-A4CC61B29973}.Debug|x86.Build.0 = Debug|Any CPU
		{B40C855A-A115-4852-996D-A4CC61B29973}.Re|Any CPU.ActiveCfg = Release|Any CPU
		{B40C855A-A115-4852-996D-A4CC61B29973}.Re|Any CPU.Build.0 = Release|Any CPU
		{B40C855A-A115-4852-996D-A4CC61B29973}.Re|x64.ActiveCfg = Release|Any CPU
		{B40C855A-A115-4852-996D-A4CC61B29973}.Re|x64.Build.0 = Release|Any CPU
		{B40C855A-A115-4852-996D-A4CC61B29973}.Re|x86.ActiveCfg = Release|Any CPU
		{B40C855A-A115-4852-996D-A4CC61B29973}.Re|x86.Build.0 = Release|Any CPU
		{B40C855A-A115-4852-996D-A4CC61B29973}.Release|Any CPU.ActiveCfg = Release|Any CPU
		{B40C855A-A115-4852-996D-A4CC61B29973}.Release|Any CPU.Build.0 = Release|Any CPU
		{B40C855A-A115-4852-996D-A4CC61B29973}.Release|x64.ActiveCfg = Release|Any CPU
		{B40C855A-A115-4852-996D-A4CC61B29973}.Release|x64.Build.0 = Release|Any CPU
		{B40C855A-A115-4852-996D-A4CC61B29973}.Release|x86.ActiveCfg = Release|Any CPU
		{B40C855A-A115-4852-996D-A4CC61B29973}.Release|x86.Build.0 = Release|Any CPU
	EndGlobalSection
	GlobalSection(SolutionProperties) = preSolution
		HideSolutionNode = FALSE
	EndGlobalSection
EndGlobal
