<?xml version="1.0" encoding="utf-8"?>
<Project ToolsVersion="4.0" xmlns="http://schemas.microsoft.com/developer/msbuild/2003">
  <ItemGroup>
    <Filter Include="源文件">
      <UniqueIdentifier>{4FC737F1-C7A5-4376-A066-2A32D752A2FF}</UniqueIdentifier>
      <Extensions>cpp;c;cc;cxx;def;odl;idl;hpj;bat;asm;asmx</Extensions>
    </Filter>
    <Filter Include="头文件">
      <UniqueIdentifier>{93995380-89BD-4b04-88EB-625FBE52EBFB}</UniqueIdentifier>
      <Extensions>h;hh;hpp;hxx;hm;inl;inc;xsd</Extensions>
    </Filter>
    <Filter Include="资源文件">
      <UniqueIdentifier>{67DA6AB6-F800-4c08-8B7A-83BB121AAD01}</UniqueIdentifier>
      <Extensions>rc;ico;cur;bmp;dlg;rc2;rct;bin;rgs;gif;jpg;jpeg;jpe;resx;tiff;tif;png;wav;mfcribbon-ms</Extensions>
    </Filter>
    <Filter Include="依赖源文件">
      <UniqueIdentifier>{fd5d99c5-4bb8-47e4-b581-66262a2a8200}</UniqueIdentifier>
    </Filter>
    <Filter Include="依赖源文件\HUD">
      <UniqueIdentifier>{527aeea9-ad8c-48b0-a9a1-7c4b30235406}</UniqueIdentifier>
    </Filter>
    <Filter Include="依赖源文件\RenderSystem">
      <UniqueIdentifier>{15d4e896-f646-4f2b-bb8b-6e49eb1b1697}</UniqueIdentifier>
    </Filter>
    <Filter Include="依赖源文件\RenderSystem\D3D11">
      <UniqueIdentifier>{9824a910-3385-4fd8-a20b-e03834b70a2d}</UniqueIdentifier>
    </Filter>
    <Filter Include="依赖源文件\Core">
      <UniqueIdentifier>{e61d4aea-7098-4a1c-9081-8d6d39e10820}</UniqueIdentifier>
    </Filter>
    <Filter Include="依赖源文件\UI">
      <UniqueIdentifier>{9f1c8dee-4e50-487b-8a83-9f6ca44f8645}</UniqueIdentifier>
    </Filter>
  </ItemGroup>
  <ItemGroup>
    <ClCompile Include="..\All\Core\RenderSync.cpp">
      <Filter>依赖源文件</Filter>
    </ClCompile>
    <ClCompile Include="..\All\DeviceManger.cpp">
      <Filter>依赖源文件</Filter>
    </ClCompile>
    <ClCompile Include="..\All\File.cpp">
      <Filter>依赖源文件</Filter>
    </ClCompile>
    <ClCompile Include="..\All\Mgr.cpp">
      <Filter>依赖源文件</Filter>
    </ClCompile>
    <ClCompile Include="..\All\OutputWindow.cpp">
      <Filter>依赖源文件</Filter>
    </ClCompile>
    <ClCompile Include="..\All\RenderSystem\ShaderMgr.cpp">
      <Filter>依赖源文件</Filter>
    </ClCompile>
    <ClCompile Include="..\All\TextureMgr.cpp">
      <Filter>依赖源文件</Filter>
    </ClCompile>
    <ClCompile Include="..\All\window.cpp">
      <Filter>依赖源文件</Filter>
    </ClCompile>
    <ClCompile Include="..\ModelLook\UI\Font.cpp">
      <Filter>依赖源文件</Filter>
    </ClCompile>
    <ClCompile Include="..\All\Core\HUDPseudoWindow.cpp">
      <Filter>依赖源文件\HUD</Filter>
    </ClCompile>
    <ClCompile Include="..\ModelLook\HUD\HUDBrush.cpp">
      <Filter>依赖源文件\HUD</Filter>
    </ClCompile>
    <ClCompile Include="..\ModelLook\HUD\HUDContainer.cpp">
      <Filter>依赖源文件\HUD</Filter>
    </ClCompile>
    <ClCompile Include="..\ModelLook\HUD\HUDControl.cpp">
      <Filter>依赖源文件\HUD</Filter>
    </ClCompile>
    <ClCompile Include="..\ModelLook\HUD\HUDGraphics.cpp">
      <Filter>依赖源文件\HUD</Filter>
    </ClCompile>
    <ClCompile Include="..\ModelLook\HUD\HUDHostRenderer.cpp">
      <Filter>依赖源文件\HUD</Filter>
    </ClCompile>
    <ClCompile Include="..\ModelLook\HUD\HUDImpl.cpp">
      <Filter>依赖源文件\HUD</Filter>
    </ClCompile>
    <ClCompile Include="..\ModelLook\HUD\HUDPanel.cpp">
      <Filter>依赖源文件\HUD</Filter>
    </ClCompile>
    <ClCompile Include="..\ModelLook\HUD\HUDRenderer.cpp">
      <Filter>依赖源文件\HUD</Filter>
    </ClCompile>
    <ClCompile Include="..\ModelLook\HUD\Label.cpp">
      <Filter>依赖源文件\HUD</Filter>
    </ClCompile>
    <ClCompile Include="..\ModelLook\HUD\Widget.cpp">
      <Filter>依赖源文件\HUD</Filter>
    </ClCompile>
    <ClCompile Include="..\ModelLook\HUD\WidgetEvent.cpp">
      <Filter>依赖源文件\HUD</Filter>
    </ClCompile>
    <ClCompile Include="..\All\RenderSystem\BlurProcess.cpp">
      <Filter>依赖源文件\RenderSystem</Filter>
    </ClCompile>
    <ClCompile Include="..\All\RenderSystem\CopyProcess.cpp">
      <Filter>依赖源文件\RenderSystem</Filter>
    </ClCompile>
    <ClCompile Include="..\All\RenderSystem\d3dx11.cpp">
      <Filter>依赖源文件\RenderSystem</Filter>
    </ClCompile>
    <ClCompile Include="..\All\RenderSystem\DeferredRender.cpp">
      <Filter>依赖源文件\RenderSystem</Filter>
    </ClCompile>
    <ClCompile Include="..\All\RenderSystem\DepthStencil.cpp">
      <Filter>依赖源文件\RenderSystem</Filter>
    </ClCompile>
    <ClCompile Include="..\All\RenderSystem\HDRLensProcess.cpp">
      <Filter>依赖源文件\RenderSystem</Filter>
    </ClCompile>
    <ClCompile Include="..\All\RenderSystem\HDRProcess.cpp">
      <Filter>依赖源文件\RenderSystem</Filter>
    </ClCompile>
    <ClCompile Include="..\All\RenderSystem\HDRStatProcess.cpp">
      <Filter>依赖源文件\RenderSystem</Filter>
    </ClCompile>
    <ClCompile Include="..\All\RenderSystem\PostProcess.cpp">
      <Filter>依赖源文件\RenderSystem</Filter>
    </ClCompile>
    <ClCompile Include="..\All\RenderSystem\RenderStates.cpp">
      <Filter>依赖源文件\RenderSystem</Filter>
    </ClCompile>
    <ClCompile Include="..\All\RenderSystem\RenderSystem.cpp">
      <Filter>依赖源文件\RenderSystem</Filter>
    </ClCompile>
    <ClCompile Include="..\All\RenderSystem\Texture.cpp">
      <Filter>依赖源文件\RenderSystem</Filter>
    </ClCompile>
    <ClCompile Include="..\All\RenderSystem\TextureX.cpp">
      <Filter>依赖源文件\RenderSystem</Filter>
    </ClCompile>
    <ClCompile Include="..\All\RenderSystem\D3D11\D3D11Mapping.cpp">
      <Filter>依赖源文件\RenderSystem\D3D11</Filter>
    </ClCompile>
    <ClCompile Include="..\All\RenderSystem\D3D11\D3D11RenderSystem.cpp">
      <Filter>依赖源文件\RenderSystem\D3D11</Filter>
    </ClCompile>
    <ClCompile Include="..\All\RenderSystem\D3D11\D3D11Texture.cpp">
      <Filter>依赖源文件\RenderSystem\D3D11</Filter>
    </ClCompile>
    <ClCompile Include="..\All\RenderSystem\D3D11\D3D11Texture2D.cpp">
      <Filter>依赖源文件\RenderSystem\D3D11</Filter>
    </ClCompile>
    <ClCompile Include="..\All\Core\BilaterFilter.cpp">
      <Filter>依赖源文件\Core</Filter>
    </ClCompile>
    <ClCompile Include="..\All\Core\BillBoard.cpp">
      <Filter>依赖源文件\Core</Filter>
    </ClCompile>
    <ClCompile Include="..\All\Core\CoreDebug.cpp">
      <Filter>依赖源文件\Core</Filter>
    </ClCompile>
    <ClCompile Include="..\All\Core\CoreObject.cpp">
      <Filter>依赖源文件\Core</Filter>
    </ClCompile>
    <ClCompile Include="..\All\Core\effect.cpp">
      <Filter>依赖源文件\Core</Filter>
    </ClCompile>
    <ClCompile Include="..\All\Core\EffectGBuffer.cpp">
      <Filter>依赖源文件\Core</Filter>
    </ClCompile>
    <ClCompile Include="..\All\Core\EffectQuad.cpp">
      <Filter>依赖源文件\Core</Filter>
    </ClCompile>
    <ClCompile Include="..\All\Core\EngineConfig.cpp">
      <Filter>依赖源文件\Core</Filter>
    </ClCompile>
    <ClCompile Include="..\All\Core\FileSearch.cpp">
      <Filter>依赖源文件\Core</Filter>
    </ClCompile>
    <ClCompile Include="..\All\Core\Light.cpp">
      <Filter>依赖源文件\Core</Filter>
    </ClCompile>
    <ClCompile Include="..\All\Core\Vertex.cpp">
      <Filter>依赖源文件\Core</Filter>
    </ClCompile>
    <ClCompile Include="..\LeoScheme\Sexp\Sexp.cpp">
      <Filter>依赖源文件\Core</Filter>
    </ClCompile>
    <ClCompile Include="WinMain.cpp">
      <Filter>源文件</Filter>
    </ClCompile>
    <ClCompile Include="FreeTypeTest.cpp">
      <Filter>源文件</Filter>
    </ClCompile>
    <ClCompile Include="..\ModelLook\UI\Rect.cpp">
      <Filter>依赖源文件\UI</Filter>
    </ClCompile>
  </ItemGroup>
  <ItemGroup>
    <FxCompile Include="FontGenPS.hlsl" />
  </ItemGroup>
  <ItemGroup>
    <ClInclude Include="FreeTypeTest.h">
      <Filter>头文件</Filter>
    </ClInclude>
  </ItemGroup>
</Project>