<?xml version="1.0" encoding="utf-8"?>
<Project ToolsVersion="4.0" xmlns="http://schemas.microsoft.com/developer/msbuild/2003">
  <ItemGroup>
    <Filter Include="头文件">
      <UniqueIdentifier>{93995380-89BD-4b04-88EB-625FBE52EBFB}</UniqueIdentifier>
      <Extensions>h;hh;hpp;hxx;hm;inl;inc;xsd</Extensions>
    </Filter>
    <Filter Include="资源文件">
      <UniqueIdentifier>{67DA6AB6-F800-4c08-8B7A-83BB121AAD01}</UniqueIdentifier>
      <Extensions>rc;ico;cur;bmp;dlg;rc2;rct;bin;rgs;gif;jpg;jpeg;jpe;resx;tiff;tif;png;wav;mfcribbon-ms</Extensions>
    </Filter>
    <Filter Include="Window">
      <UniqueIdentifier>{ca06cc2b-eb8b-4712-b159-e5a281adbee4}</UniqueIdentifier>
    </Filter>
    <Filter Include="Render">
      <UniqueIdentifier>{5bc2663c-7a08-4896-9369-61949c9aaa58}</UniqueIdentifier>
    </Filter>
    <Filter Include="Render\D3D12">
      <UniqueIdentifier>{01e3c161-6190-4878-a94a-a828f2392e7a}</UniqueIdentifier>
    </Filter>
    <Filter Include="Win32">
      <UniqueIdentifier>{47912c64-508e-41e4-8d6c-ac3aa6f89796}</UniqueIdentifier>
    </Filter>
    <Filter Include="源文件">
      <UniqueIdentifier>{4FC737F1-C7A5-4376-A066-2A32D752A2FF}</UniqueIdentifier>
      <Extensions>cpp;c;cc;cxx;def;odl;idl;hpj;bat;asm;asmx</Extensions>
    </Filter>
    <Filter Include="Render\Common">
      <UniqueIdentifier>{7aa79ed7-2378-4480-a199-fc79ad93af98}</UniqueIdentifier>
    </Filter>
  </ItemGroup>
  <ItemGroup>
    <ClInclude Include="emacro.h">
      <Filter>头文件</Filter>
    </ClInclude>
    <ClInclude Include="Render\D3D12\test.h">
      <Filter>Render\D3D12</Filter>
    </ClInclude>
    <ClInclude Include="Win32\COM.h">
      <Filter>Win32</Filter>
    </ClInclude>
    <ClInclude Include="Render\D3D12\d3d12_dxgi.h">
      <Filter>Render\D3D12</Filter>
    </ClInclude>
    <ClInclude Include="Render\D3D12\Adapter.h">
      <Filter>Render\D3D12</Filter>
    </ClInclude>
    <ClInclude Include="Render\D3D12\Context.h">
      <Filter>Render\D3D12</Filter>
    </ClInclude>
    <ClInclude Include="Render\D3D12\Display.h">
      <Filter>Render\D3D12</Filter>
    </ClInclude>
    <ClInclude Include="Render\IContext.h">
      <Filter>Render</Filter>
    </ClInclude>
    <ClInclude Include="Render\IFormat.hpp">
      <Filter>Render</Filter>
    </ClInclude>
    <ClInclude Include="Render\D3D12\Convert.h">
      <Filter>Render\D3D12</Filter>
    </ClInclude>
    <ClInclude Include="Render\D3D12\RenderView.h">
      <Filter>Render\D3D12</Filter>
    </ClInclude>
    <ClInclude Include="Render\IRenderView.h">
      <Filter>Render</Filter>
    </ClInclude>
    <ClInclude Include="Render\ITexture.hpp">
      <Filter>Render</Filter>
    </ClInclude>
    <ClInclude Include="Render\D3D12\Texture.h">
      <Filter>Render\D3D12</Filter>
    </ClInclude>
  </ItemGroup>
  <ItemGroup>
    <ClCompile Include="test.cpp">
      <Filter>Render\D3D12</Filter>
    </ClCompile>
    <ClCompile Include="Render\D3D12\d3d12_dxgi.cpp">
      <Filter>Render\D3D12</Filter>
    </ClCompile>
    <ClCompile Include="Render\D3D12\Adapter.cpp">
      <Filter>Render\D3D12</Filter>
    </ClCompile>
    <ClCompile Include="Render\D3D12\Context.cpp">
      <Filter>Render\D3D12</Filter>
    </ClCompile>
    <ClCompile Include="Render\D3D12\Display.cpp">
      <Filter>Render\D3D12</Filter>
    </ClCompile>
    <ClCompile Include="Render\D3D12\Convert.cpp">
      <Filter>Render\D3D12</Filter>
    </ClCompile>
    <ClCompile Include="Render\D3D12\RenderView.cpp">
      <Filter>Render\D3D12</Filter>
    </ClCompile>
    <ClCompile Include="Render\ITexture.cpp">
      <Filter>Render</Filter>
    </ClCompile>
    <ClCompile Include="Render\D3D12\Texture.cpp">
      <Filter>Render\D3D12</Filter>
    </ClCompile>
    <ClCompile Include="Render\CommonTextureImpl.hcc">
      <Filter>Render\Common</Filter>
    </ClCompile>
  </ItemGroup>
</Project>