<?xml version="1.0" encoding="utf-8"?>
<Project ToolsVersion="4.0" xmlns="http://schemas.microsoft.com/developer/msbuild/2003">
  <ItemGroup>
    <Filter Include="源文件">
      <UniqueIdentifier>{4FC737F1-C7A5-4376-A066-2A32D752A2FF}</UniqueIdentifier>
      <Extensions>cpp;c;cc;cxx;def;odl;idl;hpj;bat;asm;asmx</Extensions>
    </Filter>
    <Filter Include="头文件">
      <UniqueIdentifier>{93995380-89BD-4b04-88EB-625FBE52EBFB}</UniqueIdentifier>
      <Extensions>h;hh;hpp;hxx;hm;inl;inc;xsd</Extensions>
    </Filter>
    <Filter Include="资源文件">
      <UniqueIdentifier>{67DA6AB6-F800-4c08-8B7A-83BB121AAD01}</UniqueIdentifier>
      <Extensions>rc;ico;cur;bmp;dlg;rc2;rct;bin;rgs;gif;jpg;jpeg;jpe;resx;tiff;tif;png;wav;mfcribbon-ms</Extensions>
    </Filter>
    <Filter Include="IndePlatform">
      <UniqueIdentifier>{1b15e342-2508-4601-86d8-497a883e56d9}</UniqueIdentifier>
    </Filter>
    <Filter Include="IndePlatform\Include">
      <UniqueIdentifier>{451be0b9-2a27-4011-bd58-5f970f820331}</UniqueIdentifier>
    </Filter>
    <Filter Include="IndePlatform\Source">
      <UniqueIdentifier>{58309f0a-b7c7-451d-8d9b-0af75bcb6cc7}</UniqueIdentifier>
    </Filter>
  </ItemGroup>
  <ItemGroup>
    <ClInclude Include="Interpreter.hpp">
      <Filter>头文件</Filter>
    </ClInclude>
    <ClInclude Include="Util.hpp">
      <Filter>头文件</Filter>
    </ClInclude>
    <ClInclude Include="Win.hpp">
      <Filter>头文件</Filter>
    </ClInclude>
    <ClInclude Include="Scope.hpp">
      <Filter>头文件</Filter>
    </ClInclude>
    <ClInclude Include="..\All\Core\NPL.hpp">
      <Filter>IndePlatform\Include</Filter>
    </ClInclude>
    <ClInclude Include="..\All\IndePlatform\any.h">
      <Filter>IndePlatform\Include</Filter>
    </ClInclude>
    <ClInclude Include="..\All\IndePlatform\BaseMacro.h">
      <Filter>IndePlatform\Include</Filter>
    </ClInclude>
    <ClInclude Include="..\All\IndePlatform\clock.hpp">
      <Filter>IndePlatform\Include</Filter>
    </ClInclude>
    <ClInclude Include="..\All\IndePlatform\ldef.h">
      <Filter>IndePlatform\Include</Filter>
    </ClInclude>
    <ClInclude Include="..\All\IndePlatform\memory.hpp">
      <Filter>IndePlatform\Include</Filter>
    </ClInclude>
    <ClInclude Include="..\All\IndePlatform\raii.hpp">
      <Filter>IndePlatform\Include</Filter>
    </ClInclude>
    <ClInclude Include="..\All\IndePlatform\ThreadSync.hpp">
      <Filter>IndePlatform\Include</Filter>
    </ClInclude>
    <ClInclude Include="..\All\IndePlatform\type_op.hpp">
      <Filter>IndePlatform\Include</Filter>
    </ClInclude>
    <ClInclude Include="..\All\IndePlatform\utility.hpp">
      <Filter>IndePlatform\Include</Filter>
    </ClInclude>
  </ItemGroup>
  <ItemGroup>
    <ClCompile Include="Interpreter.cpp">
      <Filter>源文件</Filter>
    </ClCompile>
    <ClCompile Include="Util.cpp">
      <Filter>源文件</Filter>
    </ClCompile>
    <ClCompile Include="..\All\File.cpp">
      <Filter>源文件</Filter>
    </ClCompile>
    <ClCompile Include="..\All\exception.cpp">
      <Filter>源文件</Filter>
    </ClCompile>
    <ClCompile Include="..\All\Debug.cpp">
      <Filter>源文件</Filter>
    </ClCompile>
    <ClCompile Include="Test.cpp">
      <Filter>源文件</Filter>
    </ClCompile>
    <ClCompile Include="..\All\IndePlatform\any.cpp">
      <Filter>IndePlatform\Source</Filter>
    </ClCompile>
    <ClCompile Include="..\All\IndePlatform\memory.cpp">
      <Filter>IndePlatform\Source</Filter>
    </ClCompile>
    <ClCompile Include="..\All\IndePlatform\raii.cpp">
      <Filter>IndePlatform\Source</Filter>
    </ClCompile>
    <ClCompile Include="..\All\IndePlatform\ThreadSync.cpp">
      <Filter>IndePlatform\Source</Filter>
    </ClCompile>
  </ItemGroup>
</Project>