<?xml version="1.0" encoding="utf-8"?>
<Project ToolsVersion="4.0" xmlns="http://schemas.microsoft.com/developer/msbuild/2003">
  <ItemGroup>
    <Filter Include="资源文件">
      <UniqueIdentifier>{67DA6AB6-F800-4c08-8B7A-83BB121AAD01}</UniqueIdentifier>
      <Extensions>rc;ico;cur;bmp;dlg;rc2;rct;bin;rgs;gif;jpg;jpeg;jpe;resx;tiff;tif;png;wav;mfcribbon-ms</Extensions>
    </Filter>
    <Filter Include="Core">
      <UniqueIdentifier>{6d3c3b35-85fb-4b70-9b1e-71c124fd37d6}</UniqueIdentifier>
    </Filter>
    <Filter Include="WinMain">
      <UniqueIdentifier>{4FC737F1-C7A5-4376-A066-2A32D752A2FF}</UniqueIdentifier>
      <Extensions>cpp;c;cc;cxx;def;odl;idl;hpj;bat;asm;asmx</Extensions>
    </Filter>
    <Filter Include="源文件">
      <UniqueIdentifier>{9504ba25-fa09-439b-b186-84fc502aef74}</UniqueIdentifier>
    </Filter>
    <Filter Include="Shader">
      <UniqueIdentifier>{92f3fbf2-df4a-4289-bd00-8d46eb23296a}</UniqueIdentifier>
    </Filter>
    <Filter Include="Shader\HLSL">
      <UniqueIdentifier>{e20a3409-4cdf-4df4-b05d-0601f69c05e9}</UniqueIdentifier>
    </Filter>
    <Filter Include="头文件">
      <UniqueIdentifier>{3741c472-42c0-410e-99ce-f2aabb5fa4c3}</UniqueIdentifier>
    </Filter>
    <Filter Include="Sexp">
      <UniqueIdentifier>{c6e1c770-4f87-4bc7-966d-72398c0428b2}</UniqueIdentifier>
    </Filter>
    <Filter Include="RenderSystem">
      <UniqueIdentifier>{561abbf7-31d8-4a60-9146-428103384541}</UniqueIdentifier>
    </Filter>
    <Filter Include="Support Tool Config">
      <UniqueIdentifier>{1c924059-add0-4ad9-99af-740975ac8ac1}</UniqueIdentifier>
    </Filter>
    <Filter Include="Shader\HLSL\Sky">
      <UniqueIdentifier>{8017c0e6-2039-44d9-913f-79492f8a1a9f}</UniqueIdentifier>
    </Filter>
  </ItemGroup>
  <ItemGroup>
    <ClCompile Include="WinMain.cpp">
      <Filter>WinMain</Filter>
    </ClCompile>
    <ClCompile Include="..\All\Core\Mesh.cpp">
      <Filter>Core</Filter>
    </ClCompile>
    <ClCompile Include="..\All\Core\MeshLoad.cpp">
      <Filter>Core</Filter>
    </ClCompile>
    <ClCompile Include="..\All\Core\Vertex.cpp">
      <Filter>Core</Filter>
    </ClCompile>
    <ClCompile Include="..\All\DeviceManger.cpp">
      <Filter>源文件</Filter>
    </ClCompile>
    <ClCompile Include="..\All\File.cpp">
      <Filter>源文件</Filter>
    </ClCompile>
    <ClCompile Include="..\All\Input.cpp">
      <Filter>源文件</Filter>
    </ClCompile>
    <ClCompile Include="..\All\Mgr.cpp">
      <Filter>源文件</Filter>
    </ClCompile>
    <ClCompile Include="..\All\TextureMgr.cpp">
      <Filter>源文件</Filter>
    </ClCompile>
    <ClCompile Include="..\All\timer.cpp">
      <Filter>源文件</Filter>
    </ClCompile>
    <ClCompile Include="..\All\window.cpp">
      <Filter>源文件</Filter>
    </ClCompile>
    <ClCompile Include="..\All\Core\effect.cpp">
      <Filter>Core</Filter>
    </ClCompile>
    <ClCompile Include="..\All\Core\RenderSync.cpp">
      <Filter>Core</Filter>
    </ClCompile>
    <ClCompile Include="Axis.cpp">
      <Filter>源文件</Filter>
    </ClCompile>
    <ClCompile Include="..\All\Core\EffectLine.cpp">
      <Filter>Core</Filter>
    </ClCompile>
    <ClCompile Include="..\All\Core\EffectTerrain.cpp">
      <Filter>Core</Filter>
    </ClCompile>
    <ClCompile Include="..\All\Core\Terrain.cpp">
      <Filter>Core</Filter>
    </ClCompile>
    <ClCompile Include="..\All\Core\Sky.cpp">
      <Filter>Core</Filter>
    </ClCompile>
    <ClCompile Include="..\All\Core\EffectSkeleton.cpp">
      <Filter>Core</Filter>
    </ClCompile>
    <ClCompile Include="..\All\Core\BillBoard.cpp">
      <Filter>Core</Filter>
    </ClCompile>
    <ClCompile Include="..\All\Core\FileSearch.cpp">
      <Filter>Core</Filter>
    </ClCompile>
    <ClCompile Include="..\All\Core\EngineConfig.cpp">
      <Filter>Core</Filter>
    </ClCompile>
    <ClCompile Include="..\All\Core\SkeletonInstance.cpp">
      <Filter>Core</Filter>
    </ClCompile>
    <ClCompile Include="..\All\Core\SkeletonData.cpp">
      <Filter>Core</Filter>
    </ClCompile>
    <ClCompile Include="..\LeoScheme\Sexp\Sexp.cpp">
      <Filter>Core</Filter>
    </ClCompile>
    <ClCompile Include="..\All\Core\EffectTerrainSO.cpp">
      <Filter>Core</Filter>
    </ClCompile>
    <ClCompile Include="..\All\Core\CoreObject.cpp">
      <Filter>Core</Filter>
    </ClCompile>
    <ClCompile Include="..\All\Core\ShadowMap.cpp">
      <Filter>Core</Filter>
    </ClCompile>
    <ClCompile Include="..\All\Core\EffectShadowMap.cpp">
      <Filter>Core</Filter>
    </ClCompile>
    <ClCompile Include="..\All\RenderSystem\Deferred.cpp">
      <Filter>RenderSystem</Filter>
    </ClCompile>
    <ClCompile Include="..\All\OutputWindow.cpp">
      <Filter>源文件</Filter>
    </ClCompile>
    <ClCompile Include="..\All\Core\EffectGBuffer.cpp">
      <Filter>Core</Filter>
    </ClCompile>
    <ClCompile Include="..\All\Core\BilaterFilter.cpp">
      <Filter>Core</Filter>
    </ClCompile>
    <ClCompile Include="..\All\Core\Light.cpp">
      <Filter>Core</Filter>
    </ClCompile>
    <ClCompile Include="..\All\RenderSystem\DepthStencil.cpp">
      <Filter>RenderSystem</Filter>
    </ClCompile>
    <ClCompile Include="..\All\RenderSystem\RenderStates.cpp">
      <Filter>RenderSystem</Filter>
    </ClCompile>
    <ClCompile Include="..\All\RenderSystem\ShaderMgr.cpp">
      <Filter>RenderSystem</Filter>
    </ClCompile>
    <ClCompile Include="..\All\RenderSystem\d3dx11.cpp">
      <Filter>RenderSystem</Filter>
    </ClCompile>
    <ClCompile Include="..\All\Core\CoreDebug.cpp">
      <Filter>Core</Filter>
    </ClCompile>
    <ClCompile Include="..\All\RenderSystem\DeferredRender.cpp">
      <Filter>RenderSystem</Filter>
    </ClCompile>
    <ClCompile Include="..\All\Core\EffectQuad.cpp">
      <Filter>Core</Filter>
    </ClCompile>
  </ItemGroup>
  <ItemGroup>
    <ClInclude Include="resource.h" />
    <ClInclude Include="Axis.hpp">
      <Filter>头文件</Filter>
    </ClInclude>
    <ClInclude Include="Rubbishmemory.h" />
    <ClInclude Include="..\All\RenderSystem\Deferred.h">
      <Filter>RenderSystem</Filter>
    </ClInclude>
    <ClInclude Include="..\All\Core\BilateralFilter.hpp">
      <Filter>Core</Filter>
    </ClInclude>
    <ClInclude Include="..\All\Core\Light.hpp">
      <Filter>Core</Filter>
    </ClInclude>
    <ClInclude Include="..\All\RenderSystem\DepthStencil.hpp">
      <Filter>RenderSystem</Filter>
    </ClInclude>
    <ClInclude Include="..\All\Core\COM.hpp">
      <Filter>Core</Filter>
    </ClInclude>
    <ClInclude Include="..\All\RenderSystem\RenderStates.hpp">
      <Filter>RenderSystem</Filter>
    </ClInclude>
    <ClInclude Include="..\All\RenderSystem\ShaderMgr.h">
      <Filter>RenderSystem</Filter>
    </ClInclude>
    <ClInclude Include="..\All\RenderSystem\DeferredRender.hpp">
      <Filter>RenderSystem</Filter>
    </ClInclude>
    <ClInclude Include="..\All\Core\EffectQuad.hpp">
      <Filter>Core</Filter>
    </ClInclude>
    <ClInclude Include="..\All\RenderSystem\DRLightImpl.inl">
      <Filter>RenderSystem</Filter>
    </ClInclude>
  </ItemGroup>
  <ItemGroup>
    <None Include="The LeoEngine Terrain File.tpl">
      <Filter>Support Tool Config</Filter>
    </None>
    <None Include="Shader\NormalUti.hlsli">
      <Filter>Shader</Filter>
    </None>
    <None Include="Shader\Lighting.hlsli">
      <Filter>Shader</Filter>
    </None>
  </ItemGroup>
  <ItemGroup>
    <FxCompile Include="..\All\Shader\SSAOPS.hlsl" />
    <FxCompile Include="..\All\Shader\GBufferPass.hlsl" />
    <FxCompile Include="Shader\LinearizeDepthPS.hlsl">
      <Filter>Shader</Filter>
    </FxCompile>
    <FxCompile Include="Shader\PointLightVolumePS.hlsl">
      <Filter>Shader</Filter>
    </FxCompile>
    <FxCompile Include="Shader\ShaderPS.hlsl">
      <Filter>Shader</Filter>
    </FxCompile>
    <FxCompile Include="Shader\GenGBufferVS.hlsl">
      <Filter>Shader</Filter>
    </FxCompile>
    <FxCompile Include="Shader\GenGBufferPS.hlsl">
      <Filter>Shader</Filter>
    </FxCompile>
    <FxCompile Include="Shader\LightVolumeVS.hlsl">
      <Filter>Shader</Filter>
    </FxCompile>
    <FxCompile Include="Shader\SpotLightVolumePS.hlsl">
      <Filter>Shader</Filter>
    </FxCompile>
    <FxCompile Include="Shader\DRDepthOnlyVS.hlsl">
      <Filter>Shader</Filter>
    </FxCompile>
    <FxCompile Include="Shader\DRDepthOnlyPS.hlsl">
      <Filter>Shader</Filter>
    </FxCompile>
    <FxCompile Include="Shader\DirectionalLightQuadPS.hlsl">
      <Filter>Shader</Filter>
    </FxCompile>
    <FxCompile Include="Shader\QUADVS.hlsl">
      <Filter>Shader</Filter>
    </FxCompile>
    <FxCompile Include="Shader\SkyPS.hlsl">
      <Filter>Shader\HLSL\Sky</Filter>
    </FxCompile>
    <FxCompile Include="Shader\SkyVS.hlsl">
      <Filter>Shader\HLSL\Sky</Filter>
    </FxCompile>
  </ItemGroup>
  <ItemGroup>
    <ResourceCompile Include="ModelLook.rc">
      <Filter>资源文件</Filter>
    </ResourceCompile>
  </ItemGroup>
  <ItemGroup>
    <Text Include="需求.txt" />
  </ItemGroup>
  <ItemGroup>
    <Image Include="icon1.ico">
      <Filter>资源文件</Filter>
    </Image>
    <Image Include="ModelLook.ico">
      <Filter>资源文件</Filter>
    </Image>
  </ItemGroup>
  <ItemGroup>
    <CustomBuild Include="..\All\config.scheme">
      <Filter>WinMain</Filter>
    </CustomBuild>
  </ItemGroup>
</Project>