<?xml version="1.0" encoding="utf-8"?>
<Project ToolsVersion="4.0" xmlns="http://schemas.microsoft.com/developer/msbuild/2003">
  <ItemGroup>
    <Filter Include="MCF">
      <UniqueIdentifier>{b387822f-6105-4454-b1c9-5fd6f2980d4d}</UniqueIdentifier>
    </Filter>
  </ItemGroup>
  <ItemGroup>
    <ClInclude Include="ldef.h" />
    <ClInclude Include="linttype.hpp" />
    <ClInclude Include="lmacro.h" />
    <ClInclude Include="type_op.hpp" />
    <ClInclude Include="lcompiler.h" />
    <ClInclude Include="deref_op.hpp" />
    <ClInclude Include="algorithm.hpp" />
    <ClInclude Include="iterator.hpp" />
    <ClInclude Include="cstdio.h" />
    <ClInclude Include="cstring.h" />
    <ClInclude Include="cwctype.h" />
    <ClInclude Include="cctype.h" />
    <ClInclude Include="any.h" />
    <ClInclude Include="any_iterator.hpp" />
    <ClInclude Include="functional.hpp" />
    <ClInclude Include="sutility.h" />
    <ClInclude Include="ref.hpp" />
    <ClInclude Include="tuple.hpp" />
    <ClInclude Include="string.hpp" />
    <ClInclude Include="iterator_op.hpp" />
    <ClInclude Include="variadic.hpp" />
    <ClInclude Include="addressof.hpp" />
    <ClInclude Include="type_traits.hpp" />
    <ClInclude Include="integer_sequence.hpp" />
    <ClInclude Include="functor.hpp" />
    <ClInclude Include="enum.hpp" />
    <ClInclude Include="pointer.hpp" />
    <ClInclude Include="range.hpp" />
    <ClInclude Include="typeinfo.h" />
    <ClInclude Include="MCF\Abstract.hpp">
      <Filter>MCF</Filter>
    </ClInclude>
    <ClInclude Include="type_pun.hpp" />
    <ClInclude Include="container.hpp" />
    <ClInclude Include="memory.hpp" />
    <ClInclude Include="cassert.h" />
    <ClInclude Include="lmemory.hpp" />
    <ClInclude Include="array.hpp" />
    <ClInclude Include="iterator_trait.hpp" />
    <ClInclude Include="ios.hpp" />
    <ClInclude Include="utility.hpp" />
    <ClInclude Include="exception.h" />
    <ClInclude Include="pseudo_mutex.h" />
    <ClInclude Include="scope_gurad.hpp" />
    <ClInclude Include="cache.hpp" />
    <ClInclude Include="concurrency.h" />
    <ClInclude Include="future.hpp" />
    <ClInclude Include="id.hpp" />
    <ClInclude Include="lmathtype.hpp" />
    <ClInclude Include="lmathhalf.h" />
    <ClInclude Include="examiner.hpp" />
    <ClInclude Include="placement.hpp" />
    <ClInclude Include="set.hpp" />
    <ClInclude Include="cast.hpp" />
    <ClInclude Include="optional.hpp" />
    <ClInclude Include="path.hpp" />
    <ClInclude Include="streambuf.hpp" />
    <ClInclude Include="ctime.h" />
    <ClInclude Include="mixin.hpp" />
    <ClInclude Include="typeindex.h" />
    <ClInclude Include="lmath.hpp" />
    <ClInclude Include="lmathquaternion.hpp" />
  </ItemGroup>
  <ItemGroup>
    <ClCompile Include="any.cpp" />
    <ClCompile Include="cstdio.cpp" />
    <ClCompile Include="cwctype.cpp" />
    <ClCompile Include="sutility.cpp" />
    <ClCompile Include="cassert.cpp" />
    <ClCompile Include="exception.cpp" />
    <ClCompile Include="concurrency.cpp" />
    <ClCompile Include="operators.hpp" />
    <ClCompile Include="LBase.cpp" />
  </ItemGroup>
</Project>