<?xml version="1.0" encoding="utf-8"?>
<Project ToolsVersion="4.0" xmlns="http://schemas.microsoft.com/developer/msbuild/2003">
  <ItemGroup>
    <Filter Include="Source Files">
      <UniqueIdentifier>{4FC737F1-C7A5-4376-A066-2A32D752A2FF}</UniqueIdentifier>
      <Extensions>cpp;c;cc;cxx;def;odl;idl;hpj;bat;asm;asmx</Extensions>
    </Filter>
    <Filter Include="Header Files">
      <UniqueIdentifier>{93995380-89BD-4b04-88EB-625FBE52EBFB}</UniqueIdentifier>
      <Extensions>h;hh;hpp;hxx;hm;inl;inc;xsd</Extensions>
    </Filter>
    <Filter Include="Resource Files">
      <UniqueIdentifier>{67DA6AB6-F800-4c08-8B7A-83BB121AAD01}</UniqueIdentifier>
      <Extensions>rc;ico;cur;bmp;dlg;rc2;rct;bin;rgs;gif;jpg;jpeg;jpe;resx;tiff;tif;png;wav;mfcribbon-ms</Extensions>
    </Filter>
    <Filter Include="Source Files\WinSource">
      <UniqueIdentifier>{e62dccee-921b-4cd1-83a7-0580dabd0de3}</UniqueIdentifier>
    </Filter>
    <Filter Include="Header Files\experimental">
      <UniqueIdentifier>{a4a8dd00-a36f-43da-a293-016760b93956}</UniqueIdentifier>
    </Filter>
  </ItemGroup>
  <ItemGroup>
    <ClCompile Include="src\any.cpp">
      <Filter>Source Files</Filter>
    </ClCompile>
    <ClCompile Include="src\Geometry.cpp">
      <Filter>Source Files</Filter>
    </ClCompile>
    <ClCompile Include="src\memory.cpp">
      <Filter>Source Files</Filter>
    </ClCompile>
    <ClCompile Include="src\raii.cpp">
      <Filter>Source Files</Filter>
    </ClCompile>
    <ClCompile Include="src\Singleton.cpp">
      <Filter>Source Files</Filter>
    </ClCompile>
    <ClCompile Include="src\string.cpp">
      <Filter>Source Files</Filter>
    </ClCompile>
    <ClCompile Include="src\type_info.cpp">
      <Filter>Source Files</Filter>
    </ClCompile>
    <ClCompile Include="src\ThreadSync.cpp">
      <Filter>Source Files\WinSource</Filter>
    </ClCompile>
    <ClCompile Include="src\exception.cpp">
      <Filter>Source Files</Filter>
    </ClCompile>
    <ClCompile Include="src\DebugOutput.cpp">
      <Filter>Source Files</Filter>
    </ClCompile>
  </ItemGroup>
  <ItemGroup>
    <ClInclude Include="Include\Abstract.hpp">
      <Filter>Header Files</Filter>
    </ClInclude>
    <ClInclude Include="Include\algorithm.hpp">
      <Filter>Header Files</Filter>
    </ClInclude>
    <ClInclude Include="Include\any.h">
      <Filter>Header Files</Filter>
    </ClInclude>
    <ClInclude Include="Include\any_iterator.hpp">
      <Filter>Header Files</Filter>
    </ClInclude>
    <ClInclude Include="Include\BaseMacro.h">
      <Filter>Header Files</Filter>
    </ClInclude>
    <ClInclude Include="Include\bitseg.hpp">
      <Filter>Header Files</Filter>
    </ClInclude>
    <ClInclude Include="Include\clock.hpp">
      <Filter>Header Files</Filter>
    </ClInclude>
    <ClInclude Include="Include\ConstexprMath.hpp">
      <Filter>Header Files</Filter>
    </ClInclude>
    <ClInclude Include="Include\container.hpp">
      <Filter>Header Files</Filter>
    </ClInclude>
    <ClInclude Include="Include\EndianSwap.hpp">
      <Filter>Header Files</Filter>
    </ClInclude>
    <ClInclude Include="Include\functional.hpp">
      <Filter>Header Files</Filter>
    </ClInclude>
    <ClInclude Include="Include\Geometry.hpp">
      <Filter>Header Files</Filter>
    </ClInclude>
    <ClInclude Include="Include\Geometry_impl.hpp">
      <Filter>Header Files</Filter>
    </ClInclude>
    <ClInclude Include="Include\iterator.hpp">
      <Filter>Header Files</Filter>
    </ClInclude>
    <ClInclude Include="Include\ldef.h">
      <Filter>Header Files</Filter>
    </ClInclude>
    <ClInclude Include="Include\leo_math_convert_impl.h">
      <Filter>Header Files</Filter>
    </ClInclude>
    <ClInclude Include="Include\leo_math_impl.hpp">
      <Filter>Header Files</Filter>
    </ClInclude>
    <ClInclude Include="Include\leoint.hpp">
      <Filter>Header Files</Filter>
    </ClInclude>
    <ClInclude Include="Include\memory.hpp">
      <Filter>Header Files</Filter>
    </ClInclude>
    <ClInclude Include="Include\Operators.hpp">
      <Filter>Header Files</Filter>
    </ClInclude>
    <ClInclude Include="Include\path.hpp">
      <Filter>Header Files</Filter>
    </ClInclude>
    <ClInclude Include="Include\platform.h">
      <Filter>Header Files</Filter>
    </ClInclude>
    <ClInclude Include="Include\platform_macro.h">
      <Filter>Header Files</Filter>
    </ClInclude>
    <ClInclude Include="Include\raii.hpp">
      <Filter>Header Files</Filter>
    </ClInclude>
    <ClInclude Include="Include\ray.hpp">
      <Filter>Header Files</Filter>
    </ClInclude>
    <ClInclude Include="Include\Singleton.hpp">
      <Filter>Header Files</Filter>
    </ClInclude>
    <ClInclude Include="Include\string.hpp">
      <Filter>Header Files</Filter>
    </ClInclude>
    <ClInclude Include="Include\ThreadSync.hpp">
      <Filter>Header Files</Filter>
    </ClInclude>
    <ClInclude Include="Include\Tree.hpp">
      <Filter>Header Files</Filter>
    </ClInclude>
    <ClInclude Include="Include\tuple.hpp">
      <Filter>Header Files</Filter>
    </ClInclude>
    <ClInclude Include="Include\type_op.hpp">
      <Filter>Header Files</Filter>
    </ClInclude>
    <ClInclude Include="Include\utility.hpp">
      <Filter>Header Files</Filter>
    </ClInclude>
    <ClInclude Include="Include\variadic.hpp">
      <Filter>Header Files</Filter>
    </ClInclude>
    <ClInclude Include="Include\experimental\string_view.hpp">
      <Filter>Header Files\experimental</Filter>
    </ClInclude>
    <ClInclude Include="Include\experimental\string_view.hcc">
      <Filter>Header Files\experimental</Filter>
    </ClInclude>
    <ClInclude Include="Include\leo2DMath.hpp">
      <Filter>Header Files</Filter>
    </ClInclude>
    <ClInclude Include="Include\leomathtype.hpp">
      <Filter>Header Files</Filter>
    </ClInclude>
    <ClInclude Include="Include\leomathutility.hpp">
      <Filter>Header Files</Filter>
    </ClInclude>
    <ClInclude Include="Include\leomathsse.hpp">
      <Filter>Header Files</Filter>
    </ClInclude>
    <ClInclude Include="Include\leomathsseconvert.hpp">
      <Filter>Header Files</Filter>
    </ClInclude>
    <ClInclude Include="Include\leomathsseoper.hpp">
      <Filter>Header Files</Filter>
    </ClInclude>
    <ClInclude Include="Include\exception.hpp">
      <Filter>Header Files</Filter>
    </ClInclude>
    <ClInclude Include="Include\DebugOutput.hpp">
      <Filter>Header Files</Filter>
    </ClInclude>
  </ItemGroup>
  <ItemGroup>
    <CustomBuild Include="g++compiler.bat" />
  </ItemGroup>
  <ItemGroup>
    <None Include="clang++complier.bat" />
  </ItemGroup>
</Project>